// !$*UTF8*$!
{
	archiveVersion = 1;
	classes = {
	};
	objectVersion = 46;
	objects = {

/* Begin PBXBuildFile section */
		CF1CC41A1C92AE5300DE2607 /* main.m in Sources */ = {isa = PBXBuildFile; fileRef = CF1CC4191C92AE5300DE2607 /* main.m */; };
		CF1CC41D1C92AE5300DE2607 /* AppDelegate.m in Sources */ = {isa = PBXBuildFile; fileRef = CF1CC41C1C92AE5300DE2607 /* AppDelegate.m */; };
		CF1CC4201C92AE5300DE2607 /* ViewController.m in Sources */ = {isa = PBXBuildFile; fileRef = CF1CC41F1C92AE5300DE2607 /* ViewController.m */; };
		CF1CC4231C92AE5300DE2607 /* Main.storyboard in Resources */ = {isa = PBXBuildFile; fileRef = CF1CC4211C92AE5300DE2607 /* Main.storyboard */; };
		CF1CC4251C92AE5300DE2607 /* Assets.xcassets in Resources */ = {isa = PBXBuildFile; fileRef = CF1CC4241C92AE5300DE2607 /* Assets.xcassets */; };
		CF1CC4281C92AE5300DE2607 /* LaunchScreen.storyboard in Resources */ = {isa = PBXBuildFile; fileRef = CF1CC4261C92AE5300DE2607 /* LaunchScreen.storyboard */; };
		CF1CC4331C92AE5300DE2607 /* Demo1_JS_SandboxTests.m in Sources */ = {isa = PBXBuildFile; fileRef = CF1CC4321C92AE5300DE2607 /* Demo1_JS_SandboxTests.m */; };
		CF1CC43E1C92AE5300DE2607 /* Demo1_JS_SandboxUITests.m in Sources */ = {isa = PBXBuildFile; fileRef = CF1CC43D1C92AE5300DE2607 /* Demo1_JS_SandboxUITests.m */; };
		CF1CC44C1C92E51B00DE2607 /* yangmi01.jpg in Resources */ = {isa = PBXBuildFile; fileRef = CF1CC44B1C92E51B00DE2607 /* yangmi01.jpg */; };
/* End PBXBuildFile section */

/* Begin PBXContainerItemProxy section */
		CF1CC42F1C92AE5300DE2607 /* PBXContainerItemProxy */ = {
			isa = PBXContainerItemProxy;
			containerPortal = CF1CC40D1C92AE5300DE2607 /* Project object */;
			proxyType = 1;
			remoteGlobalIDString = CF1CC4141C92AE5300DE2607;
			remoteInfo = Demo1_JS_Sandbox;
		};
		CF1CC43A1C92AE5300DE2607 /* PBXContainerItemProxy */ = {
			isa = PBXContainerItemProxy;
			containerPortal = CF1CC40D1C92AE5300DE2607 /* Project object */;
			proxyType = 1;
			remoteGlobalIDString = CF1CC4141C92AE5300DE2607;
			remoteInfo = Demo1_JS_Sandbox;
		};
/* End PBXContainerItemProxy section */

/* Begin PBXFileReference section */
		CF1CC4151C92AE5300DE2607 /* Demo1_JS_Sandbox.app */ = {isa = PBXFileReference; explicitFileType = wrapper.application; includeInIndex = 0; path = Demo1_JS_Sandbox.app; sourceTree = BUILT_PRODUCTS_DIR; };
		CF1CC4191C92AE5300DE2607 /* main.m */ = {isa = PBXFileReference; lastKnownFileType = sourcecode.c.objc; path = main.m; sourceTree = "<group>"; };
		CF1CC41B1C92AE5300DE2607 /* AppDelegate.h */ = {isa = PBXFileReference; lastKnownFileType = sourcecode.c.h; path = AppDelegate.h; sourceTree = "<group>"; };
		CF1CC41C1C92AE5300DE2607 /* AppDelegate.m */ = {isa = PBXFileReference; lastKnownFileType = sourcecode.c.objc; path = AppDelegate.m; sourceTree = "<group>"; };
		CF1CC41E1C92AE5300DE2607 /* ViewController.h */ = {isa = PBXFileReference; lastKnownFileType = sourcecode.c.h; path = ViewController.h; sourceTree = "<group>"; };
		CF1CC41F1C92AE5300DE2607 /* ViewController.m */ = {isa = PBXFileReference; lastKnownFileType = sourcecode.c.objc; path = ViewController.m; sourceTree = "<group>"; };
		CF1CC4221C92AE5300DE2607 /* Base */ = {isa = PBXFileReference; lastKnownFileType = file.storyboard; name = Base; path = Base.lproj/Main.storyboard; sourceTree = "<group>"; };
		CF1CC4241C92AE5300DE2607 /* Assets.xcassets */ = {isa = PBXFileReference; lastKnownFileType = folder.assetcatalog; path = Assets.xcassets; sourceTree = "<group>"; };
		CF1CC4271C92AE5300DE2607 /* Base */ = {isa = PBXFileReference; lastKnownFileType = file.storyboard; name = Base; path = Base.lproj/LaunchScreen.storyboard; sourceTree = "<group>"; };
		CF1CC4291C92AE5300DE2607 /* Info.plist */ = {isa = PBXFileReference; lastKnownFileType = text.plist.xml; path = Info.plist; sourceTree = "<group>"; };
		CF1CC42E1C92AE5300DE2607 /* Demo1_JS_SandboxTests.xctest */ = {isa = PBXFileReference; explicitFileType = wrapper.cfbundle; includeInIndex = 0; path = Demo1_JS_SandboxTests.xctest; sourceTree = BUILT_PRODUCTS_DIR; };
		CF1CC4321C92AE5300DE2607 /* Demo1_JS_SandboxTests.m */ = {isa = PBXFileReference; lastKnownFileType = sourcecode.c.objc; path = Demo1_JS_SandboxTests.m; sourceTree = "<group>"; };
		CF1CC4341C92AE5300DE2607 /* Info.plist */ = {isa = PBXFileReference; lastKnownFileType = text.plist.xml; path = Info.plist; sourceTree = "<group>"; };
		CF1CC4391C92AE5300DE2607 /* Demo1_JS_SandboxUITests.xctest */ = {isa = PBXFileReference; explicitFileType = wrapper.cfbundle; includeInIndex = 0; path = Demo1_JS_SandboxUITests.xctest; sourceTree = BUILT_PRODUCTS_DIR; };
		CF1CC43D1C92AE5300DE2607 /* Demo1_JS_SandboxUITests.m */ = {isa = PBXFileReference; lastKnownFileType = sourcecode.c.objc; path = Demo1_JS_SandboxUITests.m; sourceTree = "<group>"; };
		CF1CC43F1C92AE5300DE2607 /* Info.plist */ = {isa = PBXFileReference; lastKnownFileType = text.plist.xml; path = Info.plist; sourceTree = "<group>"; };
		CF1CC44B1C92E51B00DE2607 /* yangmi01.jpg */ = {isa = PBXFileReference; lastKnownFileType = image.jpeg; path = yangmi01.jpg; sourceTree = "<group>"; };
/* End PBXFileReference section */

/* Begin PBXFrameworksBuildPhase section */
		CF1CC4121C92AE5300DE2607 /* Frameworks */ = {
			isa = PBXFrameworksBuildPhase;
			buildActionMask = 2147483647;
			files = (
			);
			runOnlyForDeploymentPostprocessing = 0;
		};
		CF1CC42B1C92AE5300DE2607 /* Frameworks */ = {
			isa = PBXFrameworksBuildPhase;
			buildActionMask = 2147483647;
			files = (
			);
			runOnlyForDeploymentPostprocessing = 0;
		};
		CF1CC4361C92AE5300DE2607 /* Frameworks */ = {
			isa = PBXFrameworksBuildPhase;
			buildActionMask = 2147483647;
			files = (
			);
			runOnlyForDeploymentPostprocessing = 0;
		};
/* End PBXFrameworksBuildPhase section */

/* Begin PBXGroup section */
		CF1CC40C1C92AE5300DE2607 = {
			isa = PBXGroup;
			children = (
				CF1CC4171C92AE5300DE2607 /* Demo1_JS_Sandbox */,
				CF1CC4311C92AE5300DE2607 /* Demo1_JS_SandboxTests */,
				CF1CC43C1C92AE5300DE2607 /* Demo1_JS_SandboxUITests */,
				CF1CC4161C92AE5300DE2607 /* Products */,
			);
			sourceTree = "<group>";
		};
		CF1CC4161C92AE5300DE2607 /* Products */ = {
			isa = PBXGroup;
			children = (
				CF1CC4151C92AE5300DE2607 /* Demo1_JS_Sandbox.app */,
				CF1CC42E1C92AE5300DE2607 /* Demo1_JS_SandboxTests.xctest */,
				CF1CC4391C92AE5300DE2607 /* Demo1_JS_SandboxUITests.xctest */,
			);
			name = Products;
			sourceTree = "<group>";
		};
		CF1CC4171C92AE5300DE2607 /* Demo1_JS_Sandbox */ = {
			isa = PBXGroup;
			children = (
				CF1CC44B1C92E51B00DE2607 /* yangmi01.jpg */,
				CF1CC41B1C92AE5300DE2607 /* AppDelegate.h */,
				CF1CC41C1C92AE5300DE2607 /* AppDelegate.m */,
				CF1CC41E1C92AE5300DE2607 /* ViewController.h */,
				CF1CC41F1C92AE5300DE2607 /* ViewController.m */,
				CF1CC4211C92AE5300DE2607 /* Main.storyboard */,
				CF1CC4241C92AE5300DE2607 /* Assets.xcassets */,
				CF1CC4261C92AE5300DE2607 /* LaunchScreen.storyboard */,
				CF1CC4291C92AE5300DE2607 /* Info.plist */,
				CF1CC4181C92AE5300DE2607 /* Supporting Files */,
			);
			path = Demo1_JS_Sandbox;
			sourceTree = "<group>";
		};
		CF1CC4181C92AE5300DE2607 /* Supporting Files */ = {
			isa = PBXGroup;
			children = (
				CF1CC4191C92AE5300DE2607 /* main.m */,
			);
			name = "Supporting Files";
			sourceTree = "<group>";
		};
		CF1CC4311C92AE5300DE2607 /* Demo1_JS_SandboxTests */ = {
			isa = PBXGroup;
			children = (
				CF1CC4321C92AE5300DE2607 /* Demo1_JS_SandboxTests.m */,
				CF1CC4341C92AE5300DE2607 /* Info.plist */,
			);
			path = Demo1_JS_SandboxTests;
			sourceTree = "<group>";
		};
		CF1CC43C1C92AE5300DE2607 /* Demo1_JS_SandboxUITests */ = {
			isa = PBXGroup;
			children = (
				CF1CC43D1C92AE5300DE2607 /* Demo1_JS_SandboxUITests.m */,
				CF1CC43F1C92AE5300DE2607 /* Info.plist */,
			);
			path = Demo1_JS_SandboxUITests;
			sourceTree = "<group>";
		};
/* End PBXGroup section */

/* Begin PBXNativeTarget section */
		CF1CC4141C92AE5300DE2607 /* Demo1_JS_Sandbox */ = {
			isa = PBXNativeTarget;
			buildConfigurationList = CF1CC4421C92AE5300DE2607 /* Build configuration list for PBXNativeTarget "Demo1_JS_Sandbox" */;
			buildPhases = (
				CF1CC4111C92AE5300DE2607 /* Sources */,
				CF1CC4121C92AE5300DE2607 /* Frameworks */,
				CF1CC4131C92AE5300DE2607 /* Resources */,
			);
			buildRules = (
			);
			dependencies = (
			);
			name = Demo1_JS_Sandbox;
			productName = Demo1_JS_Sandbox;
			productReference = CF1CC4151C92AE5300DE2607 /* Demo1_JS_Sandbox.app */;
			productType = "com.apple.product-type.application";
		};
		CF1CC42D1C92AE5300DE2607 /* Demo1_JS_SandboxTests */ = {
			isa = PBXNativeTarget;
			buildConfigurationList = CF1CC4451C92AE5300DE2607 /* Build configuration list for PBXNativeTarget "Demo1_JS_SandboxTests" */;
			buildPhases = (
				CF1CC42A1C92AE5300DE2607 /* Sources */,
				CF1CC42B1C92AE5300DE2607 /* Frameworks */,
				CF1CC42C1C92AE5300DE2607 /* Resources */,
			);
			buildRules = (
			);
			dependencies = (
				CF1CC4301C92AE5300DE2607 /* PBXTargetDependency */,
			);
			name = Demo1_JS_SandboxTests;
			productName = Demo1_JS_SandboxTests;
			productReference = CF1CC42E1C92AE5300DE2607 /* Demo1_JS_SandboxTests.xctest */;
			productType = "com.apple.product-type.bundle.unit-test";
		};
		CF1CC4381C92AE5300DE2607 /* Demo1_JS_SandboxUITests */ = {
			isa = PBXNativeTarget;
			buildConfigurationList = CF1CC4481C92AE5300DE2607 /* Build configuration list for PBXNativeTarget "Demo1_JS_SandboxUITests" */;
			buildPhases = (
				CF1CC4351C92AE5300DE2607 /* Sources */,
				CF1CC4361C92AE5300DE2607 /* Frameworks */,
				CF1CC4371C92AE5300DE2607 /* Resources */,
			);
			buildRules = (
			);
			dependencies = (
				CF1CC43B1C92AE5300DE2607 /* PBXTargetDependency */,
			);
			name = Demo1_JS_SandboxUITests;
			productName = Demo1_JS_SandboxUITests;
			productReference = CF1CC4391C92AE5300DE2607 /* Demo1_JS_SandboxUITests.xctest */;
			productType = "com.apple.product-type.bundle.ui-testing";
		};
/* End PBXNativeTarget section */

/* Begin PBXProject section */
		CF1CC40D1C92AE5300DE2607 /* Project object */ = {
			isa = PBXProject;
			attributes = {
				LastUpgradeCheck = 0720;
				ORGANIZATIONNAME = jiangsu;
				TargetAttributes = {
					CF1CC4141C92AE5300DE2607 = {
						CreatedOnToolsVersion = 7.2.1;
						DevelopmentTeam = 4SU7V64Q9J;
					};
					CF1CC42D1C92AE5300DE2607 = {
						CreatedOnToolsVersion = 7.2.1;
						DevelopmentTeam = 4SU7V64Q9J;
						TestTargetID = CF1CC4141C92AE5300DE2607;
					};
					CF1CC4381C92AE5300DE2607 = {
						CreatedOnToolsVersion = 7.2.1;
						DevelopmentTeam = 4SU7V64Q9J;
						TestTargetID = CF1CC4141C92AE5300DE2607;
					};
				};
			};
			buildConfigurationList = CF1CC4101C92AE5300DE2607 /* Build configuration list for PBXProject "Demo1_JS_Sandbox" */;
			compatibilityVersion = "Xcode 3.2";
			developmentRegion = English;
			hasScannedForEncodings = 0;
			knownRegions = (
				en,
				Base,
			);
			mainGroup = CF1CC40C1C92AE5300DE2607;
			productRefGroup = CF1CC4161C92AE5300DE2607 /* Products */;
			projectDirPath = "";
			projectRoot = "";
			targets = (
				CF1CC4141C92AE5300DE2607 /* Demo1_JS_Sandbox */,
				CF1CC42D1C92AE5300DE2607 /* Demo1_JS_SandboxTests */,
				CF1CC4381C92AE5300DE2607 /* Demo1_JS_SandboxUITests */,
			);
		};
/* End PBXProject section */

/* Begin PBXResourcesBuildPhase section */
		CF1CC4131C92AE5300DE2607 /* Resources */ = {
			isa = PBXResourcesBuildPhase;
			buildActionMask = 2147483647;
			files = (
				CF1CC4281C92AE5300DE2607 /* LaunchScreen.storyboard in Resources */,
				CF1CC44C1C92E51B00DE2607 /* yangmi01.jpg in Resources */,
				CF1CC4251C92AE5300DE2607 /* Assets.xcassets in Resources */,
				CF1CC4231C92AE5300DE2607 /* Main.storyboard in Resources */,
			);
			runOnlyForDeploymentPostprocessing = 0;
		};
		CF1CC42C1C92AE5300DE2607 /* Resources */ = {
			isa = PBXResourcesBuildPhase;
			buildActionMask = 2147483647;
			files = (
			);
			runOnlyForDeploymentPostprocessing = 0;
		};
		CF1CC4371C92AE5300DE2607 /* Resources */ = {
			isa = PBXResourcesBuildPhase;
			buildActionMask = 2147483647;
			files = (
			);
			runOnlyForDeploymentPostprocessing = 0;
		};
/* End PBXResourcesBuildPhase section */

/* Begin PBXSourcesBuildPhase section */
		CF1CC4111C92AE5300DE2607 /* Sources */ = {
			isa = PBXSourcesBuildPhase;
			buildActionMask = 2147483647;
			files = (
				CF1CC4201C92AE5300DE2607 /* ViewController.m in Sources */,
				CF1CC41D1C92AE5300DE2607 /* AppDelegate.m in Sources */,
				CF1CC41A1C92AE5300DE2607 /* main.m in Sources */,
			);
			runOnlyForDeploymentPostprocessing = 0;
		};
		CF1CC42A1C92AE5300DE2607 /* Sources */ = {
			isa = PBXSourcesBuildPhase;
			buildActionMask = 2147483647;
			files = (
				CF1CC4331C92AE5300DE2607 /* Demo1_JS_SandboxTests.m in Sources */,
			);
			runOnlyForDeploymentPostprocessing = 0;
		};
		CF1CC4351C92AE5300DE2607 /* Sources */ = {
			isa = PBXSourcesBuildPhase;
			buildActionMask = 2147483647;
			files = (
				CF1CC43E1C92AE5300DE2607 /* Demo1_JS_SandboxUITests.m in Sources */,
			);
			runOnlyForDeploymentPostprocessing = 0;
		};
/* End PBXSourcesBuildPhase section */

/* Begin PBXTargetDependency section */
		CF1CC4301C92AE5300DE2607 /* PBXTargetDependency */ = {
			isa = PBXTargetDependency;
			target = CF1CC4141C92AE5300DE2607 /* Demo1_JS_Sandbox */;
			targetProxy = CF1CC42F1C92AE5300DE2607 /* PBXContainerItemProxy */;
		};
		CF1CC43B1C92AE5300DE2607 /* PBXTargetDependency */ = {
			isa = PBXTargetDependency;
			target = CF1CC4141C92AE5300DE2607 /* Demo1_JS_Sandbox */;
			targetProxy = CF1CC43A1C92AE5300DE2607 /* PBXContainerItemProxy */;
		};
/* End PBXTargetDependency section */

/* Begin PBXVariantGroup section */
		CF1CC4211C92AE5300DE2607 /* Main.storyboard */ = {
			isa = PBXVariantGroup;
			children = (
				CF1CC4221C92AE5300DE2607 /* Base */,
			);
			name = Main.storyboard;
			sourceTree = "<group>";
		};
		CF1CC4261C92AE5300DE2607 /* LaunchScreen.storyboard */ = {
			isa = PBXVariantGroup;
			children = (
				CF1CC4271C92AE5300DE2607 /* Base */,
			);
			name = LaunchScreen.storyboard;
			sourceTree = "<group>";
		};
/* End PBXVariantGroup section */

/* Begin XCBuildConfiguration section */
		CF1CC4401C92AE5300DE2607 /* Debug */ = {
			isa = XCBuildConfiguration;
			buildSettings = {
				ALWAYS_SEARCH_USER_PATHS = NO;
				CLANG_CXX_LANGUAGE_STANDARD = "gnu++0x";
				CLANG_CXX_LIBRARY = "libc++";
				CLANG_ENABLE_MODULES = YES;
				CLANG_ENABLE_OBJC_ARC = YES;
				CLANG_WARN_BOOL_CONVERSION = YES;
				CLANG_WARN_CONSTANT_CONVERSION = YES;
				CLANG_WARN_DIRECT_OBJC_ISA_USAGE = YES_ERROR;
				CLANG_WARN_EMPTY_BODY = YES;
				CLANG_WARN_ENUM_CONVERSION = YES;
				CLANG_WARN_INT_CONVERSION = YES;
				CLANG_WARN_OBJC_ROOT_CLASS = YES_ERROR;
				CLANG_WARN_UNREACHABLE_CODE = YES;
				CLANG_WARN__DUPLICATE_METHOD_MATCH = YES;
				"CODE_SIGN_IDENTITY[sdk=iphoneos*]" = "iPhone Developer";
				COPY_PHASE_STRIP = NO;
				DEBUG_INFORMATION_FORMAT = dwarf;
				ENABLE_STRICT_OBJC_MSGSEND = YES;
				ENABLE_TESTABILITY = YES;
				GCC_C_LANGUAGE_STANDARD = gnu99;
				GCC_DYNAMIC_NO_PIC = NO;
				GCC_NO_COMMON_BLOCKS = YES;
				GCC_OPTIMIZATION_LEVEL = 0;
				GCC_PREPROCESSOR_DEFINITIONS = (
					"DEBUG=1",
					"$(inherited)",
				);
				GCC_WARN_64_TO_32_BIT_CONVERSION = YES;
				GCC_WARN_ABOUT_RETURN_TYPE = YES_ERROR;
				GCC_WARN_UNDECLARED_SELECTOR = YES;
				GCC_WARN_UNINITIALIZED_AUTOS = YES_AGGRESSIVE;
				GCC_WARN_UNUSED_FUNCTION = YES;
				GCC_WARN_UNUSED_VARIABLE = YES;
				IPHONEOS_DEPLOYMENT_TARGET = 9.2;
				MTL_ENABLE_DEBUG_INFO = YES;
				ONLY_ACTIVE_ARCH = YES;
				SDKROOT = iphoneos;
			};
			name = Debug;
		};
		CF1CC4411C92AE5300DE2607 /* Release */ = {
			isa = XCBuildConfiguration;
			buildSettings = {
				ALWAYS_SEARCH_USER_PATHS = NO;
				CLANG_CXX_LANGUAGE_STANDARD = "gnu++0x";
				CLANG_CXX_LIBRARY = "libc++";
				CLANG_ENABLE_MODULES = YES;
				CLANG_ENABLE_OBJC_ARC = YES;
				CLANG_WARN_BOOL_CONVERSION = YES;
				CLANG_WARN_CONSTANT_CONVERSION = YES;
				CLANG_WARN_DIRECT_OBJC_ISA_USAGE = YES_ERROR;
				CLANG_WARN_EMPTY_BODY = YES;
				CLANG_WARN_ENUM_CONVERSION = YES;
				CLANG_WARN_INT_CONVERSION = YES;
				CLANG_WARN_OBJC_ROOT_CLASS = YES_ERROR;
				CLANG_WARN_UNREACHABLE_CODE = YES;
				CLANG_WARN__DUPLICATE_METHOD_MATCH = YES;
				"CODE_SIGN_IDENTITY[sdk=iphoneos*]" = "iPhone Developer";
				COPY_PHASE_STRIP = NO;
				DEBUG_INFORMATION_FORMAT = "dwarf-with-dsym";
				ENABLE_NS_ASSERTIONS = NO;
				ENABLE_STRICT_OBJC_MSGSEND = YES;
				GCC_C_LANGUAGE_STANDARD = gnu99;
				GCC_NO_COMMON_BLOCKS = YES;
				GCC_WARN_64_TO_32_BIT_CONVERSION = YES;
				GCC_WARN_ABOUT_RETURN_TYPE = YES_ERROR;
				GCC_WARN_UNDECLARED_SELECTOR = YES;
				GCC_WARN_UNINITIALIZED_AUTOS = YES_AGGRESSIVE;
				GCC_WARN_UNUSED_FUNCTION = YES;
				GCC_WARN_UNUSED_VARIABLE = YES;
				IPHONEOS_DEPLOYMENT_TARGET = 9.2;
				MTL_ENABLE_DEBUG_INFO = NO;
				SDKROOT = iphoneos;
				VALIDATE_PRODUCT = YES;
			};
			name = Release;
		};
		CF1CC4431C92AE5300DE2607 /* Debug */ = {
			isa = XCBuildConfiguration;
			buildSettings = {
				ASSETCATALOG_COMPILER_APPICON_NAME = AppIcon;
				INFOPLIST_FILE = Demo1_JS_Sandbox/Info.plist;
				LD_RUNPATH_SEARCH_PATHS = "$(inherited) @executable_path/Frameworks";
				PRODUCT_BUNDLE_IDENTIFIER = "com.jiangsu.Demo1-JS-Sandbox";
				PRODUCT_NAME = "$(TARGET_NAME)";
			};
			name = Debug;
		};
		CF1CC4441C92AE5300DE2607 /* Release */ = {
			isa = XCBuildConfiguration;
			buildSettings = {
				ASSETCATALOG_COMPILER_APPICON_NAME = AppIcon;
				INFOPLIST_FILE = Demo1_JS_Sandbox/Info.plist;
				LD_RUNPATH_SEARCH_PATHS = "$(inherited) @executable_path/Frameworks";
				PRODUCT_BUNDLE_IDENTIFIER = "com.jiangsu.Demo1-JS-Sandbox";
				PRODUCT_NAME = "$(TARGET_NAME)";
			};
			name = Release;
		};
		CF1CC4461C92AE5300DE2607 /* Debug */ = {
			isa = XCBuildConfiguration;
			buildSettings = {
				BUNDLE_LOADER = "$(TEST_HOST)";
				INFOPLIST_FILE = Demo1_JS_SandboxTests/Info.plist;
				LD_RUNPATH_SEARCH_PATHS = "$(inherited) @executable_path/Frameworks @loader_path/Frameworks";
				PRODUCT_BUNDLE_IDENTIFIER = "com.jiangsu.Demo1-JS-SandboxTests";
				PRODUCT_NAME = "$(TARGET_NAME)";
				TEST_HOST = "$(BUILT_PRODUCTS_DIR)/Demo1_JS_Sandbox.app/Demo1_JS_Sandbox";
			};
			name = Debug;
		};
		CF1CC4471C92AE5300DE2607 /* Release */ = {
			isa = XCBuildConfiguration;
			buildSettings = {
				BUNDLE_LOADER = "$(TEST_HOST)";
				INFOPLIST_FILE = Demo1_JS_SandboxTests/Info.plist;
				LD_RUNPATH_SEARCH_PATHS = "$(inherited) @executable_path/Frameworks @loader_path/Frameworks";
				PRODUCT_BUNDLE_IDENTIFIER = "com.jiangsu.Demo1-JS-SandboxTests";
				PRODUCT_NAME = "$(TARGET_NAME)";
				TEST_HOST = "$(BUILT_PRODUCTS_DIR)/Demo1_JS_Sandbox.app/Demo1_JS_Sandbox";
			};
			name = Release;
		};
		CF1CC4491C92AE5300DE2607 /* Debug */ = {
			isa = XCBuildConfiguration;
			buildSettings = {
				INFOPLIST_FILE = Demo1_JS_SandboxUITests/Info.plist;
				LD_RUNPATH_SEARCH_PATHS = "$(inherited) @executable_path/Frameworks @loader_path/Frameworks";
				PRODUCT_BUNDLE_IDENTIFIER = "com.jiangsu.Demo1-JS-SandboxUITests";
				PRODUCT_NAME = "$(TARGET_NAME)";
				TEST_TARGET_NAME = Demo1_JS_Sandbox;
				USES_XCTRUNNER = YES;
			};
			name = Debug;
		};
		CF1CC44A1C92AE5300DE2607 /* Release */ = {
			isa = XCBuildConfiguration;
			buildSettings = {
				INFOPLIST_FILE = Demo1_JS_SandboxUITests/Info.plist;
				LD_RUNPATH_SEARCH_PATHS = "$(inherited) @executable_path/Frameworks @loader_path/Frameworks";
				PRODUCT_BUNDLE_IDENTIFIER = "com.jiangsu.Demo1-JS-SandboxUITests";
				PRODUCT_NAME = "$(TARGET_NAME)";
				TEST_TARGET_NAME = Demo1_JS_Sandbox;
				USES_XCTRUNNER = YES;
			};
			name = Release;
		};
/* End XCBuildConfiguration section */

/* Begin XCConfigurationList section */
		CF1CC4101C92AE5300DE2607 /* Build configuration list for PBXProject "Demo1_JS_Sandbox" */ = {
			isa = XCConfigurationList;
			buildConfigurations = (
				CF1CC4401C92AE5300DE2607 /* Debug */,
				CF1CC4411C92AE5300DE2607 /* Release */,
			);
			defaultConfigurationIsVisible = 0;
			defaultConfigurationName = Release;
		};
		CF1CC4421C92AE5300DE2607 /* Build configuration list for PBXNativeTarget "Demo1_JS_Sandbox" */ = {
			isa = XCConfigurationList;
			buildConfigurations = (
				CF1CC4431C92AE5300DE2607 /* Debug */,
				CF1CC4441C92AE5300DE2607 /* Release */,
			);
			defaultConfigurationIsVisible = 0;
		};
		CF1CC4451C92AE5300DE2607 /* Build configuration list for PBXNativeTarget "Demo1_JS_SandboxTests" */ = {
			isa = XCConfigurationList;
			buildConfigurations = (
				CF1CC4461C92AE5300DE2607 /* Debug */,
				CF1CC4471C92AE5300DE2607 /* Release */,
			);
			defaultConfigurationIsVisible = 0;
		};
		CF1CC4481C92AE5300DE2607 /* Build configuration list for PBXNativeTarget "Demo1_JS_SandboxUITests" */ = {
			isa = XCConfigurationList;
			buildConfigurations = (
				CF1CC4491C92AE5300DE2607 /* Debug */,
				CF1CC44A1C92AE5300DE2607 /* Release */,
			);
			defaultConfigurationIsVisible = 0;
		};
/* End XCConfigurationList section */
	};
	rootObject = CF1CC40D1C92AE5300DE2607 /* Project object */;
}
